
Microsoft Visual Studio Solution File, Format Version 12.00
# Visual Studio Version 17
VisualStudioVersion = 17.4.33205.214
MinimumVisualStudioVersion = 10.0.40219.1
Project("{9A19103F-16F7-4668-BE54-9A1E7A4F7556}") = "Apartment brokerage.API", "Apartment brokerage\Apartment brokerage.API.csproj", "{CE60D2DC-91C7-4A2C-99E6-4151E998EA9F}"
EndProject
Project("{FAE04EC0-301F-11D3-BF4B-00C04F79EFBC}") = "Apartment brokerage.Core", "Apartment brokerage.Core\Apartment brokerage.Core.csproj", "{4CB04720-B944-4504-B091-407C54197BF7}"
EndProject
Project("{FAE04EC0-301F-11D3-BF4B-00C04F79EFBC}") = "Apartment brokerage.Data", "Apartment brokerage.Data\Apartment brokerage.Data.csproj", "{1B6632DD-6733-4D82-B4C6-91B402FF80AB}"
EndProject
Project("{FAE04EC0-301F-11D3-BF4B-00C04F79EFBC}") = "Apartment brokerage.Service", "Apartment brokerage.Service\Apartment brokerage.Service.csproj", "{8BC8039F-0CDB-4FE2-8352-E913A76934ED}"
EndProject
Global
	GlobalSection(SolutionConfigurationPlatforms) = preSolution
		Debug|Any CPU = Debug|Any CPU
		Release|Any CPU = Release|Any CPU
	EndGlobalSection
	GlobalSection(ProjectConfigurationPlatforms) = postSolution
		{CE60D2DC-91C7-4A2C-99E6-4151E998EA9F}.Debug|Any CPU.ActiveCfg = Debug|Any CPU
		{CE60D2DC-91C7-4A2C-99E6-4151E998EA9F}.Debug|Any CPU.Build.0 = Debug|Any CPU
		{CE60D2DC-91C7-4A2C-99E6-4151E998EA9F}.Release|Any CPU.ActiveCfg = Release|Any CPU
		{CE60D2DC-91C7-4A2C-99E6-4151E998EA9F}.Release|Any CPU.Build.0 = Release|Any CPU
		{4CB04720-B944-4504-B091-407C54197BF7}.Debug|Any CPU.ActiveCfg = Debug|Any CPU
		{4CB04720-B944-4504-B091-407C54197BF7}.Debug|Any CPU.Build.0 = Debug|Any CPU
		{4CB04720-B944-4504-B091-407C54197BF7}.Release|Any CPU.ActiveCfg = Release|Any CPU
		{4CB04720-B944-4504-B091-407C54197BF7}.Release|Any CPU.Build.0 = Release|Any CPU
		{1B6632DD-6733-4D82-B4C6-91B402FF80AB}.Debug|Any CPU.ActiveCfg = Debug|Any CPU
		{1B6632DD-6733-4D82-B4C6-91B402FF80AB}.Debug|Any CPU.Build.0 = Debug|Any CPU
		{1B6632DD-6733-4D82-B4C6-91B402FF80AB}.Release|Any CPU.ActiveCfg = Release|Any CPU
		{1B6632DD-6733-4D82-B4C6-91B402FF80AB}.Release|Any CPU.Build.0 = Release|Any CPU
		{8BC8039F-0CDB-4FE2-8352-E913A76934ED}.Debug|Any CPU.ActiveCfg = Debug|Any CPU
		{8BC8039F-0CDB-4FE2-8352-E913A76934ED}.Debug|Any CPU.Build.0 = Debug|Any CPU
		{8BC8039F-0CDB-4FE2-8352-E913A76934ED}.Release|Any CPU.ActiveCfg = Release|Any CPU
		{8BC8039F-0CDB-4FE2-8352-E913A76934ED}.Release|Any CPU.Build.0 = Release|Any CPU
	EndGlobalSection
	GlobalSection(SolutionProperties) = preSolution
		HideSolutionNode = FALSE
	EndGlobalSection
	GlobalSection(ExtensibilityGlobals) = postSolution
		SolutionGuid = {39233550-CD16-43B1-B5B6-8BBB72C8C6F3}
	EndGlobalSection
EndGlobal
